
Microsoft Visual Studio Solution File, Format Version 12.00
# Visual Studio Version 16
VisualStudioVersion = 16.0.31702.278
MinimumVisualStudioVersion = 10.0.40219.1
Project("{FAE04EC0-301F-11D3-BF4B-00C04F79EFBC}") = "TestHouse", "TestHouse.csproj", "{33B0E4B3-AEDC-4D78-ABAE-8A6FA5312017}"
EndProject
Global
	GlobalSection(SolutionConfigurationPlatforms) = preSolution
		Debug|Any CPU = Debug|Any CPU
		Release|Any CPU = Release|Any CPU
	EndGlobalSection
	GlobalSection(ProjectConfigurationPlatforms) = postSolution
		{33B0E4B3-AEDC-4D78-ABAE-8A6FA5312017}.Debug|Any CPU.ActiveCfg = Debug|Any CPU
		{33B0E4B3-AEDC-4D78-ABAE-8A6FA5312017}.Debug|Any CPU.Build.0 = Debug|Any CPU
		{33B0E4B3-AEDC-4D78-ABAE-8A6FA5312017}.Release|Any CPU.ActiveCfg = Release|Any CPU
		{33B0E4B3-AEDC-4D78-ABAE-8A6FA5312017}.Release|Any CPU.Build.0 = Release|Any CPU
	EndGlobalSection
	GlobalSection(SolutionProperties) = preSolution
		HideSolutionNode = FALSE
	EndGlobalSection
	GlobalSection(ExtensibilityGlobals) = postSolution
		SolutionGuid = {BEB158E3-A90B-47E8-850A-005C72656A38}
	EndGlobalSection
EndGlobal
